<?xml version="1.0" encoding="utf-8"?>
<Project ToolsVersion="4.0" xmlns="http://schemas.microsoft.com/developer/msbuild/2003">
  <ItemGroup>
    <Filter Include="Source Files">
      <UniqueIdentifier>{4FC737F1-C7A5-4376-A066-2A32D752A2FF}</UniqueIdentifier>
      <Extensions>cpp;c;cc;cxx;c++;cppm;ixx;def;odl;idl;hpj;bat;asm;asmx</Extensions>
    </Filter>
    <Filter Include="Header Files">
      <UniqueIdentifier>{93995380-89BD-4b04-88EB-625FBE52EBFB}</UniqueIdentifier>
      <Extensions>h;hh;hpp;hxx;h++;hm;inl;inc;ipp;xsd</Extensions>
    </Filter>
    <Filter Include="Resource Files">
      <UniqueIdentifier>{67DA6AB6-F800-4c08-8B7A-83BB121AAD01}</UniqueIdentifier>
      <Extensions>rc;ico;cur;bmp;dlg;rc2;rct;bin;rgs;gif;jpg;jpeg;jpe;resx;tiff;tif;png;wav;mfcribbon-ms</Extensions>
    </Filter>
  </ItemGroup>
  <ItemGroup>
    <ClInclude Include="framework.h">
      <Filter>Header Files</Filter>
    </ClInclude>
    <ClInclude Include="pch.h">
      <Filter>Header Files</Filter>
    </ClInclude>
    <ClInclude Include="core\IWindow.hpp">
      <Filter>Header Files</Filter>
    </ClInclude>
    <ClInclude Include="rendering\IRenderer.hpp">
      <Filter>Header Files</Filter>
    </ClInclude>
    <ClInclude Include="core\Application.hpp">
      <Filter>Header Files</Filter>
    </ClInclude>
    <ClInclude Include="core\GuiService.hpp">
      <Filter>Header Files</Filter>
    </ClInclude>
    <ClInclude Include="core\ILogger.hpp">
      <Filter>Header Files</Filter>
    </ClInclude>
    <ClInclude Include="core\ILoggerManager.hpp">
      <Filter>Header Files</Filter>
    </ClInclude>
    <ClInclude Include="logging\SpdlogLogger.hpp">
      <Filter>Header Files</Filter>
    </ClInclude>
    <ClInclude Include="logging\SpdlogManager.hpp">
      <Filter>Header Files</Filter>
    </ClInclude>
    <ClInclude Include="rendering\SFMLRenderer.hpp">
      <Filter>Header Files</Filter>
    </ClInclude>
    <ClInclude Include="core\IInputManager.hpp">
      <Filter>Header Files</Filter>
    </ClInclude>
    <ClInclude Include="core\input\KeyCode.hpp">
      <Filter>Header Files</Filter>
    </ClInclude>
    <ClInclude Include="input\SFMLInputManager.hpp">
      <Filter>Header Files</Filter>
    </ClInclude>
    <ClInclude Include="components\PendingPhysicsBodyComponent.hpp">
      <Filter>Header Files</Filter>
    </ClInclude>
    <ClInclude Include="components\PhysicsBodyComponent.hpp">
      <Filter>Header Files</Filter>
    </ClInclude>
    <ClInclude Include="components\TransformComponent.hpp">
      <Filter>Header Files</Filter>
    </ClInclude>
    <ClInclude Include="physics\PhysicsBodyCreationSystem.hpp">
      <Filter>Header Files</Filter>
    </ClInclude>
    <ClInclude Include="core\math\MathAliases.hpp">
      <Filter>Header Files</Filter>
    </ClInclude>
    <ClInclude Include="core\math\Rect.hpp">
      <Filter>Header Files</Filter>
    </ClInclude>
    <ClInclude Include="core\math\Vector2.hpp">
      <Filter>Header Files</Filter>
    </ClInclude>
    <ClInclude Include="physics\PhysicsSyncSystem.hpp">
      <Filter>Header Files</Filter>
    </ClInclude>
    <ClInclude Include="components\RenderableComponent.hpp">
      <Filter>Header Files</Filter>
    </ClInclude>
    <ClInclude Include="rendering\RenderSystem.hpp">
      <Filter>Header Files</Filter>
    </ClInclude>
    <ClInclude Include="core\EngineContext.hpp">
      <Filter>Header Files</Filter>
    </ClInclude>
    <ClInclude Include="events\StateEvents.hpp">
      <Filter>Header Files</Filter>
    </ClInclude>
    <ClInclude Include="core\IGameState.hpp">
      <Filter>Header Files</Filter>
    </ClInclude>
    <ClInclude Include="core\StateManager.hpp">
      <Filter>Header Files</Filter>
    </ClInclude>
    <ClInclude Include="core\IResourceManager.hpp">
      <Filter>Header Files</Filter>
    </ClInclude>
    <ClInclude Include="rendering\SFMLResourceManager.hpp">
      <Filter>Header Files</Filter>
    </ClInclude>
    <ClInclude Include="rendering\Sprite.hpp">
      <Filter>Header Files</Filter>
    </ClInclude>
    <ClInclude Include="components\AnimationComponent.hpp">
      <Filter>Header Files</Filter>
    </ClInclude>
    <ClInclude Include="rendering\AnimationSystem.hpp">
      <Filter>Header Files</Filter>
    </ClInclude>
    <ClInclude Include="rendering\AnimationClip.hpp">
      <Filter>Header Files</Filter>
    </ClInclude>
    <ClInclude Include="ecs\ArchetypeManager.hpp">
      <Filter>Header Files</Filter>
    </ClInclude>
    <ClInclude Include="ecs\EditorSystem.hpp">
      <Filter>Header Files</Filter>
    </ClInclude>
    <ClInclude Include="ecs\EntityFactory.hpp">
      <Filter>Header Files</Filter>
    </ClInclude>
  </ItemGroup>
  <ItemGroup>
    <ClCompile Include="pch.cpp">
      <Filter>Source Files</Filter>
    </ClCompile>
    <ClCompile Include="rendering\SFMLRenderer.cpp">
      <Filter>Source Files</Filter>
    </ClCompile>
    <ClCompile Include="core\Application.cpp">
      <Filter>Source Files</Filter>
    </ClCompile>
    <ClCompile Include="core\GuiService.cpp">
      <Filter>Source Files</Filter>
    </ClCompile>
    <ClCompile Include="logging\SpdlogLogger.cpp">
      <Filter>Source Files</Filter>
    </ClCompile>
    <ClCompile Include="logging\SpdlogManager.cpp">
      <Filter>Source Files</Filter>
    </ClCompile>
    <ClCompile Include="input\SFMLInputManager.cpp">
      <Filter>Source Files</Filter>
    </ClCompile>
    <ClCompile Include="physics\PhysicsBodyCreationSystem.cpp">
      <Filter>Source Files</Filter>
    </ClCompile>
    <ClCompile Include="physics\PhysicsSyncSystem.cpp">
      <Filter>Source Files</Filter>
    </ClCompile>
    <ClCompile Include="rendering\RenderSystem.cpp">
      <Filter>Source Files</Filter>
    </ClCompile>
    <ClCompile Include="core\StateManager.cpp">
      <Filter>Source Files</Filter>
    </ClCompile>
    <ClCompile Include="rendering\SFMLResourceManager.cpp">
      <Filter>Source Files</Filter>
    </ClCompile>
    <ClCompile Include="rendering\AnimationSystem.cpp">
      <Filter>Source Files</Filter>
    </ClCompile>
    <ClCompile Include="ecs\ArchetypeManager.cpp">
      <Filter>Source Files</Filter>
    </ClCompile>
    <ClCompile Include="ecs\EditorSystem.cpp">
      <Filter>Source Files</Filter>
    </ClCompile>
    <ClCompile Include="ecs\EntityFactory.cpp">
      <Filter>Source Files</Filter>
    </ClCompile>
  </ItemGroup>
</Project>